lockfileVersion: '9.0'

settings:
  autoInstallPeers: true
  excludeLinksFromLockfile: false

importers:

  .:
    dependencies:
      js-yaml:
        specifier: ^5.4.1
        version: 5.4.1
    devDependencies:
      '@types/js-yaml':
        specifier: ^4.0.9
        version: 4.0.9
      '@types/node':
        specifier: ^26.4.1
        version: 26.4.1
      miniflare:
        specifier: ^4.20260730.0
        version: 4.20260730.0
      nitro:
        specifier: 3.0.260903-beta
        version: 3.0.260903-beta
      oxfmt:
        specifier: ^0.66.0
        version: 0.66.0
      oxlint:
        specifier: ^1.81.0
        version: 1.81.0
      rolldown:
        specifier: 1.2.7
        version: 1.2.7

packages:

  '@cloudflare/workerd-darwin-64@1.20260730.1':
    resolution: {integrity: sha512-+MBHmPaiTe2KajryW0T24rZvWFxb41hD3d8anNzQqHzft6vSEb18+sp0znSwxgij7ApPhSM1+vhkNg4f3YMguA==}
    engines: {node: '>=16'}
    cpu: [x64]
    os: [darwin]

  '@cloudflare/workerd-darwin-arm64@1.20260730.1':
    resolution: {integrity: sha512-SBHKntPkKvNPgaCrTe99xC1CAl8ygJDzlYfK0LbuJ1muKadIw35WnhO0wu894fKBtllsVQdNzDLee+cm0ppLSQ==}
    engines: {node: '>=16'}
    cpu: [arm64]
    os: [darwin]

  '@cloudflare/workerd-linux-64@1.20260730.1':
    resolution: {integrity: sha512-ouyPOSMbiKPeSwUJUvxtMcxGAXs2J4aPE4T5ABIYX5ClcQx5j5bbHTmnqOQEY8sAuLTPjH7dY+iB6UI5ISlwwA==}
    engines: {node: '>=16'}
    cpu: [x64]
    os: [linux]

  '@cloudflare/workerd-linux-arm64@1.20260730.1':
    resolution: {integrity: sha512-YQ+Mi78U3TPdgBPtwq+Sm6rJU+Ihl2y0pjYtuuKkdmUbYzL7oLR6Xqq9wljhasnuCFICssDJaqhMep5WizYoEQ==}
    engines: {node: '>=16'}
    cpu: [arm64]
    os: [linux]

  '@cloudflare/workerd-windows-64@1.20260730.1':
    resolution: {integrity: sha512-27fAN+vUECW1oYVc1KOcHYpkL8COM2Uxtxql7TL595kxbjoqS5yckw7NLz7bTf2pALFCZWjqXDjZGJ/xbG4ZKQ==}
    engines: {node: '>=16'}
    cpu: [x64]
    os: [win32]

  '@cspotcode/source-map-support@0.8.1':
    resolution: {integrity: sha512-IchNf6dN4tHoMFIn/7OE8LWZ19Y6q/67Bmf6vnGREv8RSbBVb9LPJxEcnwrcwX6ixSvaiGoomAUvu4YSxXrVgw==}
    engines: {node: '>=12'}

  '@emnapi/runtime@1.11.3':
    resolution: {integrity: sha512-Xz4Tpyki7XyrpbUK1jR1AhdAdaXyhhY4lZ3neLodmhpuWfy2PAQN5B46sAiU4liOXGLkHypn/qU+jvfWSCYYLA==}

  '@img/colour@1.1.0':
    resolution: {integrity: sha512-Td76q7j57o/tLVdgS746cYARfSyxk8iEfRxewL9h4OMzYhbW4TAcppl0mT4eyqXddh6L/jwoM75mo7ixa/pCeQ==}
    engines: {node: '>=18'}

  '@img/sharp-darwin-arm64@0.35.2':
    resolution: {integrity: sha512-eEieHsMksAW4IiO5NzauESRl2D2qz3J/kwUxUrSfV06A93eEaRfMpHXyUb1mAqrR7i8U9A0GRqE9pjn6u1Jjpg==}
    engines: {node: '>=20.9.0'}
    cpu: [arm64]
    os: [darwin]

  '@img/sharp-darwin-x64@0.35.2':
    resolution: {integrity: sha512-BaktuGPCeHJMARpodR8jK4uKiZrPAy9WrfQW0sdI37clracq8Bp01AYS3SZgi5FS/y5twa9t4+LIuuxQjqRrWw==}
    engines: {node: '>=20.9.0'}
    cpu: [x64]
    os: [darwin]

  '@img/sharp-freebsd-wasm32@0.35.2':
    resolution: {integrity: sha512-YoAxdnd8hPUkvLHd3bWY+YA8nw3xM/RyRopYucNsWHVSan8NLVM3X2volsfoRDcXdUJPg6tXahSd7HXPK7lRnw==}
    engines: {node: '>=20.9.0'}
    os: [freebsd]

  '@img/sharp-libvips-darwin-arm64@1.3.1':
    resolution: {integrity: sha512-4V/M3roRMTYjiwZY9IOVQOE8OyeCxFAkYmyZDrZl51uOKjibm3oeEJ4WAmLxutAfzFbC9jqUiPs2gbnGflH+7g==}
    cpu: [arm64]
    os: [darwin]

  '@img/sharp-libvips-darwin-x64@1.3.1':
    resolution: {integrity: sha512-c0/DxItpJv2+dGhgycJBBgotdqruGYDvA79drdh0MD1dFpy7JzJ/PlXwi1H4rFf0eTy8tgbI91aHDnZIceY3jQ==}
    cpu: [x64]
    os: [darwin]

  '@img/sharp-libvips-linux-arm64@1.3.1':
    resolution: {integrity: sha512-JznefmcK9j1JKPz8AkQDh89kjojubyfOasWBPKfzMIhPwsgDy9evpE/naJTXXXmghS1iFwR8u/kTwh/I2/+GCw==}
    cpu: [arm64]
    os: [linux]
    libc: [glibc]

  '@img/sharp-libvips-linux-arm@1.3.1':
    resolution: {integrity: sha512-aGGy9aWzXgHBG7HNyQPWorZthlp7+x6fDRoPAQbGO3ThcttuTyKIx3NuSHb6zb4gBNq6/yNn9f1cy9nFKS/Vmg==}
    cpu: [arm]
    os: [linux]
    libc: [glibc]

  '@img/sharp-libvips-linux-ppc64@1.3.1':
    resolution: {integrity: sha512-1EkwGNCZk6iWNCMWqrvdJ+r1j0PT1zIz60CNPhYnJlK/zyeWqlsPZIe+ocBVqPF8k/Ssee/NCk+tE9Ryrko6ng==}
    cpu: [ppc64]
    os: [linux]
    libc: [glibc]

  '@img/sharp-libvips-linux-riscv64@1.3.1':
    resolution: {integrity: sha512-Ilays+w2bXdnxzxtQdmXR62u8o8GYa3eL4+Gr+1KiE4xperMZUslRaVPJwwPkzlHEjGfXAfRVAa/7CYCtSqsBw==}
    cpu: [riscv64]
    os: [linux]
    libc: [glibc]

  '@img/sharp-libvips-linux-s390x@1.3.1':
    resolution: {integrity: sha512-VfBwVHQTbRoj4XlpA/KLZ7ltgMpz+4WSejFzQ+GnoImjo1PtEJ59QB2qR1xQEeRPYIkNrPIm2L4cICMvz4C2ew==}
    cpu: [s390x]
    os: [linux]
    libc: [glibc]

  '@img/sharp-libvips-linux-x64@1.3.1':
    resolution: {integrity: sha512-+c8ukgwU62DS54nCAjw7keOfHUkmr0B5QHEdcOqRnodF/MNXJbVI8Eopoj4B/0H8Asr65I+A4Amrn7a85/md6A==}
    cpu: [x64]
    os: [linux]
    libc: [glibc]

  '@img/sharp-libvips-linuxmusl-arm64@1.3.1':
    resolution: {integrity: sha512-qlKb/pwbkAi1WMsJrYHk7CuDrd12s27U2QnRhFYUoJNrRCmkosMTttuRFat/DDB3IlDm5qE1TJgZ4JDnHX8Ldw==}
    cpu: [arm64]
    os: [linux]
    libc: [musl]

  '@img/sharp-libvips-linuxmusl-x64@1.3.1':
    resolution: {integrity: sha512-yO21HwoUVLN8Qa+/SBjQLMYwBWAVJjeGPNe+hc0OUeMeifEtJqu5a1c4HayE1nNpDih9y3/KkoltfkDodmKAlg==}
    cpu: [x64]
    os: [linux]
    libc: [musl]

  '@img/sharp-linux-arm64@0.35.2':
    resolution: {integrity: sha512-af12Pnd0ZGu2HfP8NayB0kk6eC/lrfbQE6HlR4jD+34wdJ1Vw9TF6TMn6ZvffT+WgqVsl0hRbmNvz2u/23VmwA==}
    engines: {node: '>=20.9.0'}
    cpu: [arm64]
    os: [linux]
    libc: [glibc]

  '@img/sharp-linux-arm@0.35.2':
    resolution: {integrity: sha512-SE4kzF2mepn6z+6E7L6lsV8FzuLL6IPQdyX8ZiwROAG/G8td+hP/m7FsFPwidtrF19gvajuC9l6TxAVcsA4S7A==}
    engines: {node: '>=20.9.0'}
    cpu: [arm]
    os: [linux]
    libc: [glibc]

  '@img/sharp-linux-ppc64@0.35.2':
    resolution: {integrity: sha512-hYSBm7zcNtDCozCxQHYZJiu63b/bXsgRZuOxCIBZsStMM9Vap47iFHdbX4kCvQsblPB/k+clhELpdQJHQLSHvg==}
    engines: {node: '>=20.9.0'}
    cpu: [ppc64]
    os: [linux]
    libc: [glibc]

  '@img/sharp-linux-riscv64@0.35.2':
    resolution: {integrity: sha512-qQt0Kc13+Hoan/Awq/qMSQw3L+RI1NCRPgD5cUJ/1WSSmIoysLOc72jlRM3E0OHN9Yr313jgeQ2T+zW+F03QFA==}
    engines: {node: '>=20.9.0'}
    cpu: [riscv64]
    os: [linux]
    libc: [glibc]

  '@img/sharp-linux-s390x@0.35.2':
    resolution: {integrity: sha512-E4fLLfRPzDLlEeDaTzI98OFLcv++WL5ChLLMwPoVd0CIoZQqupBSNbOisPL5am9XsbQ9T84+iiMpUvbFtkunbA==}
    engines: {node: '>=20.9.0'}
    cpu: [s390x]
    os: [linux]
    libc: [glibc]

  '@img/sharp-linux-x64@0.35.2':
    resolution: {integrity: sha512-gi0zFJJRLswfCZmHtJdikXPOc5u7qamSOS3NHedLqLd4W8Q0NqjdBr6TTRIgsfFjqfTsHFgdfvJ9LwqSgcHiAA==}
    engines: {node: '>=20.9.0'}
    cpu: [x64]
    os: [linux]
    libc: [glibc]

  '@img/sharp-linuxmusl-arm64@0.35.2':
    resolution: {integrity: sha512-siWbOW1u6HFnFLrp0waKyW7VEf7jYvcDWdrXEFa8AkdAQgEvuu5Fz8/Y70w9EeqAdwDtfU012BhEHHaDqvQNzg==}
    engines: {node: '>=20.9.0'}
    cpu: [arm64]
    os: [linux]
    libc: [musl]

  '@img/sharp-linuxmusl-x64@0.35.2':
    resolution: {integrity: sha512-YBqMMcjDi4QGYiSn4vNOYBhmlC4z5AXqkOUUqI2e0AFA4urNv4ESgOgwNl3K+4etQhha0twXlzeF20bbULm9Yg==}
    engines: {node: '>=20.9.0'}
    cpu: [x64]
    os: [linux]
    libc: [musl]

  '@img/sharp-wasm32@0.35.2':
    resolution: {integrity: sha512-Mrv4JQNYVQ94xH+jzZ9r+gowleN8mv2FTgKT+PI6bx5C0G8TdNYndu161pg2i7uoBwxy2ImPMHrJOM2LZef7Bw==}
    engines: {node: '>=20.9.0'}

  '@img/sharp-webcontainers-wasm32@0.35.2':
    resolution: {integrity: sha512-QNV27pxs9wpApEiCfvHM1RDoP1w1+2KrUWWDPEhEwg+latvOrfuhWrHWZKwdSFwU6jh3myjw/yOCRsUIuOft3g==}
    engines: {node: '>=20.9.0'}
    cpu: [wasm32]

  '@img/sharp-win32-arm64@0.35.2':
    resolution: {integrity: sha512-BiVRYc/t6/Vl3e1hBx0hugG4oN9Pydf4fgMSpxTQJmwGUg/YoXTWHiFeRymHfCZzifxu4F4rpk/I67D0LQ20wQ==}
    engines: {node: '>=20.9.0'}
    cpu: [arm64]
    os: [win32]

  '@img/sharp-win32-ia32@0.35.2':
    resolution: {integrity: sha512-YYEhx9PImCC7T0tI8JDMi4DB9LwLCXCU5OWNYEXAxh5Q1ShKkyC6byxzoBJ3gEFDnH2lQckWuDe70G7mB2XJog==}
    engines: {node: ^20.9.0}
    cpu: [ia32]
    os: [win32]

  '@img/sharp-win32-x64@0.35.2':
    resolution: {integrity: sha512-imoOyBcoM/iiUr4J6VPpCNjPnjvP/Gks95898yB8YqoGGYmHYbOyCuNv9FMhFgtaiHFGbHW8bxKqRV6VjtXThQ==}
    engines: {node: '>=20.9.0'}
    cpu: [x64]
    os: [win32]

  '@jridgewell/resolve-uri@3.1.2':
    resolution: {integrity: sha512-bRISgCIjP20/tbWSPWMEi54QVPRZExkuD9lJL+UIxUKtwVJA8wW1Trb1jMs1RFXo1CBTNZ/5hpC9QvmKWdopKw==}
    engines: {node: '>=6.0.0'}

  '@jridgewell/sourcemap-codec@1.6.0':
    resolution: {integrity: sha512-T7jf+5zgsZHwNJ4lvQ7/aezbyk0nNX+zJVWpmHA7VYsEx7a7qr5Rg5IbtJFqkgze5Y2sruq1RUY8Q837Od7iFw==}

  '@jridgewell/trace-mapping@0.3.9':
    resolution: {integrity: sha512-3Belt6tdc8bPgAtbcmdtNJlirVoTmEb5e2gC94PnkwEW9jI6CAHUeoG85tjWP5WquqfavoMtMwiG4P926ZKKuQ==}

  '@oxc-project/types@0.148.0':
    resolution: {integrity: sha512-Nm4s/jB+4FpFsPhWGEC4h7rzksesmtnMXomo6rCMcg/b8zLQuOziRgkCS1fxDCXOlJB/6Q8oABOZ/OP6RIPj9A==}

  '@oxfmt/binding-android-arm-eabi@0.66.0':
    resolution: {integrity: sha512-2Me9eoptv6ERdEuI2P8AOlYdHHraXebJaM6SC0kc2Dfb+mLrep2db+fedBPKaYn673h/vBgvP4tkOdAbaudX6w==}
    engines: {node: ^20.19.0 || >=22.12.0}
    cpu: [arm]
    os: [android]

  '@oxfmt/binding-android-arm64@0.66.0':
    resolution: {integrity: sha512-u7O+bSSF0HGsDKkQQxBqvLGVepu93RA+JKu+ONqvfh4sCnCEbj31wZj4iG5gk3XfRwrmYj0/8catkO2LcblQKQ==}
    engines: {node: ^20.19.0 || >=22.12.0}
    cpu: [arm64]
    os: [android]

  '@oxfmt/binding-darwin-arm64@0.66.0':
    resolution: {integrity: sha512-/ikyMIVjX/sdo7KtjxoEsSUosfPzveVhT9RWMx9yGqFDKFJ89JAEKuEeLBmurDjrkb4w8tOnAdSO3SBaplY3bw==}
    engines: {node: ^20.19.0 || >=22.12.0}
    cpu: [arm64]
    os: [darwin]

  '@oxfmt/binding-darwin-x64@0.66.0':
    resolution: {integrity: sha512-q5xUsKeFqawa9NXa6ZGXWimFV19m8MogKPdTaSVDAAk2EQKBmBZRDeluwcl1p8ty/OFc9s9888OKEh3xfPVH0g==}
    engines: {node: ^20.19.0 || >=22.12.0}
    cpu: [x64]
    os: [darwin]

  '@oxfmt/binding-freebsd-x64@0.66.0':
    resolution: {integrity: sha512-CR+x4VzMY0pRXLK/xFQ/RzsSFkP5t2Z2mef0QY6OP/rTRcMUoMLCOM62/3Fp/t0K+UDoBKxvMyeb6D0zPMjleA==}
    engines: {node: ^20.19.0 || >=22.12.0}
    cpu: [x64]
    os: [freebsd]

  '@oxfmt/binding-linux-arm-gnueabihf@0.66.0':
    resolution: {integrity: sha512-ZEYmO/LbH9tTQCADILHGZE4GeOXOAj2VzedHkASNwjmwlwtutJCLpCJbIs37wRGTFgWRoEcD72jpMX+IBJUGjQ==}
    engines: {node: ^20.19.0 || >=22.12.0}
    cpu: [arm]
    os: [linux]

  '@oxfmt/binding-linux-arm-musleabihf@0.66.0':
    resolution: {integrity: sha512-hNtR9/oU0CeTkq7JnRkmBQwqe17v2ZaAMLC4VcN7IIOWeRyWDk0knSPWS9iiLmtbZ2RRBBtsG01jQgkZmKCJeQ==}
    engines: {node: ^20.19.0 || >=22.12.0}
    cpu: [arm]
    os: [linux]

  '@oxfmt/binding-linux-arm64-gnu@0.66.0':
    resolution: {integrity: sha512-uwOVQ8i6I1LT/+eDzfsgrrcZp8Fn6NPVUPn8fF5gdFGekFf0PddF+LEuwsD0/pbNUcKZhDj2rQ5UpITh9gF4iQ==}
    engines: {node: ^20.19.0 || >=22.12.0}
    cpu: [arm64]
    os: [linux]
    libc: [glibc]

  '@oxfmt/binding-linux-arm64-musl@0.66.0':
    resolution: {integrity: sha512-tTkF2Dmx4nGAjmBlZb+UtTGqR/EK4ZrW9qBfzte07a9XWqzoGGKzpFFlyNDhQe+Uwql94+ReCTeNbhOXscw1Dg==}
    engines: {node: ^20.19.0 || >=22.12.0}
    cpu: [arm64]
    os: [linux]
    libc: [musl]

  '@oxfmt/binding-linux-ppc64-gnu@0.66.0':
    resolution: {integrity: sha512-F3cKHUav4yXOHn6GFnwpBhSYsJOYKKf9eqO/9jlEuqPxNw9zb98E9ZFct79gcg8pibUGkbveEu9WDlmXJpDzKw==}
    engines: {node: ^20.19.0 || >=22.12.0}
    cpu: [ppc64]
    os: [linux]
    libc: [glibc]

  '@oxfmt/binding-linux-riscv64-gnu@0.66.0':
    resolution: {integrity: sha512-K5fDaNZfDyQMYA/3qL21bqyN0X9T15LLwwbFPt2aHc94+ZG7bh0vZEsy2y7NlRnjjHFSwN+Hzg6ldJtbOriH4Q==}
    engines: {node: ^20.19.0 || >=22.12.0}
    cpu: [riscv64]
    os: [linux]
    libc: [glibc]

  '@oxfmt/binding-linux-riscv64-musl@0.66.0':
    resolution: {integrity: sha512-44Yc+I+qOmTElRcEhm5hUKIUJEQIOugymz4ua4tB0Wox7tGAfIbjzmXz/HDAtw1Ij6gmBwZlzh4hc9679RhWeA==}
    engines: {node: ^20.19.0 || >=22.12.0}
    cpu: [riscv64]
    os: [linux]
    libc: [musl]

  '@oxfmt/binding-linux-s390x-gnu@0.66.0':
    resolution: {integrity: sha512-1e29Eg9hEj2kRBB19M0seIehPbbXHCk35GvImjDvb79rjjYjXCRmtbUNHJcgoktZAMIzXrTbxDBKmTc1V4bg3A==}
    engines: {node: ^20.19.0 || >=22.12.0}
    cpu: [s390x]
    os: [linux]
    libc: [glibc]

  '@oxfmt/binding-linux-x64-gnu@0.66.0':
    resolution: {integrity: sha512-vODY1UQo10gngn0+D4xHKU84F1Twm1LqrzV4SqPXvmQKSd87paehvZ6jqA5wKs6XQrlWul9clYMDVHcoW9CPMA==}
    engines: {node: ^20.19.0 || >=22.12.0}
    cpu: [x64]
    os: [linux]
    libc: [glibc]

  '@oxfmt/binding-linux-x64-musl@0.66.0':
    resolution: {integrity: sha512-YDzXx2JsT4+HL4MdkVrYjO55NS5lUKNm8rLC4ZPou8+seu0v0jhecSh+ufoO6+xEa8gccEezMlI2WHJi4ApUgw==}
    engines: {node: ^20.19.0 || >=22.12.0}
    cpu: [x64]
    os: [linux]
    libc: [musl]

  '@oxfmt/binding-openharmony-arm64@0.66.0':
    resolution: {integrity: sha512-mJjUYd8lj0+j4JkYyEM+5qKBf1Rnrpgjn/SVYKJhicVDqLz566ooa7Fs8zflPqt+dnZDV7X054rVIQX6ZcQNlQ==}
    engines: {node: ^20.19.0 || >=22.12.0}
    cpu: [arm64]
    os: [openharmony]

  '@oxfmt/binding-win32-arm64-msvc@0.66.0':
    resolution: {integrity: sha512-soV+0vESv7e5ntCHWC61x4gg8OSak6IHHnWsZmHrJFlvMj2AK+kmldErCNkVkrvc1Ts2/++rJXn+IuAb2WMXhw==}
    engines: {node: ^20.19.0 || >=22.12.0}
    cpu: [arm64]
    os: [win32]

  '@oxfmt/binding-win32-ia32-msvc@0.66.0':
    resolution: {integrity: sha512-YCPi23uRIEYuIKTZohAkKbPFpujQ5QBuUM5iDv+UqbCmTPAkaFsxjsSuB8xlBpRT0G7eP/4HMF+cPDSqHtOD9A==}
    engines: {node: ^20.19.0 || >=22.12.0}
    cpu: [ia32]
    os: [win32]

  '@oxfmt/binding-win32-x64-msvc@0.66.0':
    resolution: {integrity: sha512-bwTQcv/JVRPkOqQtMF0X7vpvpncDQiBcXHxZ9S2hR12Hlo8bvBdUR5x5XnxzDZ3kM0qoZw1rv7KaD66Ly+pFWA==}
    engines: {node: ^20.19.0 || >=22.12.0}
    cpu: [x64]
    os: [win32]

  '@oxlint/binding-android-arm-eabi@1.81.0':
    resolution: {integrity: sha512-IcCRsXiedJoJopY6mpZUBEeVFsUrutmrG7dZ87zMuKJlhg70Ora9bBl1WcCxZQtyI10YpnVdEso5oCg7YcfSHw==}
    engines: {node: ^20.19.0 || >=22.12.0}
    cpu: [arm]
    os: [android]

  '@oxlint/binding-android-arm64@1.81.0':
    resolution: {integrity: sha512-GRrIPyTGVhx3L3h+0T5xT2A0jFAcdPv4+IfuXpGDLIdl6XeYhgg/zw72A5ILZoUgRqZuM8F1y+V/gfDriXSxzQ==}
    engines: {node: ^20.19.0 || >=22.12.0}
    cpu: [arm64]
    os: [android]

  '@oxlint/binding-darwin-arm64@1.81.0':
    resolution: {integrity: sha512-qNQ9tXRgLuKbqSV1S2h9h4KPHjbovO7RRR2/enUOtHzTkFZ7B9X5zqqHJua8dRyc7dBy7Aoyq5pqTSLFVcAzGQ==}
    engines: {node: ^20.19.0 || >=22.12.0}
    cpu: [arm64]
    os: [darwin]

  '@oxlint/binding-darwin-x64@1.81.0':
    resolution: {integrity: sha512-q0QTm32jWga2Gv4j7IaVZN0jYMi9UV73sWVgFtDA4iIfqwMCLLZ3ve+9KwfYtsaKZSgQhmPaogeZWqDZpcY1Pw==}
    engines: {node: ^20.19.0 || >=22.12.0}
    cpu: [x64]
    os: [darwin]

  '@oxlint/binding-freebsd-x64@1.81.0':
    resolution: {integrity: sha512-/+8wVWDXEC7wHVAhOc59Fw/SkMc1arLkFD8iQCaSsmzenK1X4doFqquL9H1wrtGUzaiycVqkf/sSpcILK6W1UA==}
    engines: {node: ^20.19.0 || >=22.12.0}
    cpu: [x64]
    os: [freebsd]

  '@oxlint/binding-linux-arm-gnueabihf@1.81.0':
    resolution: {integrity: sha512-4xt422FEgioRq9hAL4Tq7fujGUWnc8z1BJ+Oi8RN8vB8axaP+sdK6a2xdlcQCCYnJg9QMuMFS0AucuIFx/EacA==}
    engines: {node: ^20.19.0 || >=22.12.0}
    cpu: [arm]
    os: [linux]

  '@oxlint/binding-linux-arm-musleabihf@1.81.0':
    resolution: {integrity: sha512-u3vna8KdGplH4DRCW9K54D68fcMo7IxVrkCJWwXnIhwtBdnDnYrmzOUA/XjmBlPpcLsgw9Z5BNdY4za9+Dj+MQ==}
    engines: {node: ^20.19.0 || >=22.12.0}
    cpu: [arm]
    os: [linux]

  '@oxlint/binding-linux-arm64-gnu@1.81.0':
    resolution: {integrity: sha512-3j9k+gsYsE7nv71GWotXsqsa2l9/aJenD7dVHNt/CBvsb0SgRjSMnHFeP59IXUAl1wvVFhqGl2wJNMwWU3UBlA==}
    engines: {node: ^20.19.0 || >=22.12.0}
    cpu: [arm64]
    os: [linux]
    libc: [glibc]

  '@oxlint/binding-linux-arm64-musl@1.81.0':
    resolution: {integrity: sha512-k5iAp3dNxW0/uDCBY+WSm8jKB2szu7SkEQZdgRRpDXvuDd69vvDcqhB3A/pWCfCwXyenjNjFn9Td1fVoyAc+Yg==}
    engines: {node: ^20.19.0 || >=22.12.0}
    cpu: [arm64]
    os: [linux]
    libc: [musl]

  '@oxlint/binding-linux-ppc64-gnu@1.81.0':
    resolution: {integrity: sha512-TFqLja3uYmVSte6nof9GWrex9Z8WgdZrNiLC6Te5rXGDqXB2y4j/26iFhwosXiAFqDhE9JJVuuCkDKLwptTn1g==}
    engines: {node: ^20.19.0 || >=22.12.0}
    cpu: [ppc64]
    os: [linux]
    libc: [glibc]

  '@oxlint/binding-linux-riscv64-gnu@1.81.0':
    resolution: {integrity: sha512-UEcySvGS0NOVo7h7n7CYyJL9+6gFAh7Zc/ToDXVScFvzHSTIxtzkMVU30rmQ6+nQ1LF+UdiRDdJajpDu+OylLg==}
    engines: {node: ^20.19.0 || >=22.12.0}
    cpu: [riscv64]
    os: [linux]
    libc: [glibc]

  '@oxlint/binding-linux-riscv64-musl@1.81.0':
    resolution: {integrity: sha512-H+diDbhD00+wI1IRP8Kz88x/lat+DgtoBJzoTthS16xkTJGNaEkfb8gzmd1rzc/2uDQQMl7GNl+JFUacVeWxIA==}
    engines: {node: ^20.19.0 || >=22.12.0}
    cpu: [riscv64]
    os: [linux]
    libc: [musl]

  '@oxlint/binding-linux-s390x-gnu@1.81.0':
    resolution: {integrity: sha512-8znJ/5TekjOKg1j1Acho4PJMdiAHLtlcXuWEiipOhAMV6rQcXdmDdXCbheyDczN6TjBwiNfjcP81k4AthrKRzw==}
    engines: {node: ^20.19.0 || >=22.12.0}
    cpu: [s390x]
    os: [linux]
    libc: [glibc]

  '@oxlint/binding-linux-x64-gnu@1.81.0':
    resolution: {integrity: sha512-Q2Wj70yFsvn5QjlmifFzbj4H+kJy53bwqc41o1fzoM7MpLV1NIbhg/LpWXRfC6KOkSAdUx1Wd8VJsdPmhp/HRA==}
    engines: {node: ^20.19.0 || >=22.12.0}
    cpu: [x64]
    os: [linux]
    libc: [glibc]

  '@oxlint/binding-linux-x64-musl@1.81.0':
    resolution: {integrity: sha512-cPInHp/ddEe5qkyK2IiyQ8Q3Mp2oLLEhhsGgTK2oZx4L6+llGam1H1yBvJZ7qHfOXj8N3hxBS8sj4tO+gtFlIg==}
    engines: {node: ^20.19.0 || >=22.12.0}
    cpu: [x64]
    os: [linux]
    libc: [musl]

  '@oxlint/binding-openharmony-arm64@1.81.0':
    resolution: {integrity: sha512-0CQxSX4ajqm07AHBf5U33qQzXKdd7wtq/oTL/7vpY6RNNuxrRi8W4bqUV1Jyu/vj+9KmxQyDhxfeVX1nQL6kfg==}
    engines: {node: ^20.19.0 || >=22.12.0}
    cpu: [arm64]
    os: [openharmony]

  '@oxlint/binding-win32-arm64-msvc@1.81.0':
    resolution: {integrity: sha512-l0hbeISm9673hVrrQU8j/p2M7YH9Ouoj7p7E/QM55NTrKVLP+P3PF8hLu+OY+x0VtGRW+ggiQKZqmdYps9H+TA==}
    engines: {node: ^20.19.0 || >=22.12.0}
    cpu: [arm64]
    os: [win32]

  '@oxlint/binding-win32-ia32-msvc@1.81.0':
    resolution: {integrity: sha512-ksqPP5jbFXcYreEQ7zdJh06rJQBymCTyGRCdaXjfcf2aG4f8KxUWY5wcgYHmaTK+FJ4bPG5sUAdOX+6trnH1JA==}
    engines: {node: ^20.19.0 || >=22.12.0}
    cpu: [ia32]
    os: [win32]

  '@oxlint/binding-win32-x64-msvc@1.81.0':
    resolution: {integrity: sha512-IZuUCwGw9emG5JtCp+fYGB+Z4OWEoeEcM8R5BA1pYw63/ieYFVdcU2ylxTpHbVHSenZnsYE+ZZ20uHAJszQ4cA==}
    engines: {node: ^20.19.0 || >=22.12.0}
    cpu: [x64]
    os: [win32]

  '@poppinss/colors@4.1.6':
    resolution: {integrity: sha512-H9xkIdFswbS8n1d6vmRd8+c10t2Qe+rZITbbDHHkQixH5+2x1FDGmi/0K+WgWiqQFKPSlIYB7jlH6Kpfn6Fleg==}

  '@poppinss/dumper@0.6.5':
    resolution: {integrity: sha512-NBdYIb90J7LfOI32dOewKI1r7wnkiH6m920puQ3qHUeZkxNkQiFnXVWoE6YtFSv6QOiPPf7ys6i+HWWecDz7sw==}

  '@poppinss/exception@1.2.3':
    resolution: {integrity: sha512-dCED+QRChTVatE9ibtoaxc+WkdzOSjYTKi/+uacHWIsfodVfpsueo3+DKpgU5Px8qXjgmXkSvhXvSCz3fnP9lw==}

  '@rolldown/binding-android-arm-eabi@1.2.7':
    resolution: {integrity: sha512-EypzgnYCwyVY4NDHKzGmNJT5b+XaQEBniHxsMdeIQLB/tcCzZnhqrzHpZFbX9iaxx+5RiB8caATBtfvZP7zVxQ==}
    engines: {node: ^20.19.0 || >=22.12.0}
    cpu: [arm]
    os: [android]

  '@rolldown/binding-android-arm64@1.2.7':
    resolution: {integrity: sha512-l17HE9EweWaqJZhuUuNBN/FzM62xw+DECVnJyvMsxn8vJFAGLy5QfLDoYAcronkAN8VxKZHezDpulHDPx95vFw==}
    engines: {node: ^20.19.0 || >=22.12.0}
    cpu: [arm64]
    os: [android]

  '@rolldown/binding-darwin-arm64@1.2.7':
    resolution: {integrity: sha512-8ED8ELFvHXc6OCETIn4gXObPiaR6bckM/ipXtbzlPVDRMBfEGjCKgO90F9YtfdpDatVx/ZQw7aZ1vUMf/+T3Mw==}
    engines: {node: ^20.19.0 || >=22.12.0}
    cpu: [arm64]
    os: [darwin]

  '@rolldown/binding-darwin-x64@1.2.7':
    resolution: {integrity: sha512-/WPripjtiAIZ2tWY7ddijORT0Ujg87wxWW/qcoFVCKAWVDPhtY0xr7Dj0M3GyNGz60jGwTElhro/mkF9dT7dDQ==}
    engines: {node: ^20.19.0 || >=22.12.0}
    cpu: [x64]
    os: [darwin]

  '@rolldown/binding-freebsd-x64@1.2.7':
    resolution: {integrity: sha512-14DI4NcqpvbICxSnGLx3PmtDaWqRP/KGSGb6C+JLLVPeZRl6dKdHba3pGsqT3vpdTqhEYIPG0MMQ8c0xYqoJxA==}
    engines: {node: ^20.19.0 || >=22.12.0}
    cpu: [x64]
    os: [freebsd]

  '@rolldown/binding-linux-arm-gnueabihf@1.2.7':
    resolution: {integrity: sha512-bxrWIRvHWQvbJwi+VIie/kDJmQxcNE6xxWwZdqF/ExVAigtHkv54WTLQPb+QsZdnFy18fg7JPfWGL0RH6vwIlQ==}
    engines: {node: ^20.19.0 || >=22.12.0}
    cpu: [arm]
    os: [linux]

  '@rolldown/binding-linux-arm64-gnu@1.2.7':
    resolution: {integrity: sha512-toOY2BChBZyuxU7OYX6Tn389di4IzAqPTycVcci0O7FSfBqzRB3RZn+K5Is6ANf4tmgRd/K1yZTsNTXbkXsnLg==}
    engines: {node: ^20.19.0 || >=22.12.0}
    cpu: [arm64]
    os: [linux]
    libc: [glibc]

  '@rolldown/binding-linux-arm64-musl@1.2.7':
    resolution: {integrity: sha512-lAIXTH/aiLRLxsTgQvfhjo4K1ydWIp00+V0voOr9beb/9ZmkUFrSIb03dXNFRgMNvkE6oGsF10ioQ6UsI+vS5Q==}
    engines: {node: ^20.19.0 || >=22.12.0}
    cpu: [arm64]
    os: [linux]
    libc: [musl]

  '@rolldown/binding-linux-ppc64-gnu@1.2.7':
    resolution: {integrity: sha512-kdnwS28Pkenp/mZMRwjXXXwxQ7pIsm+bF919LUK93BOyhcLsrVKdP2p9fxpiPNPAbNuch8ypQt0pm2P2LYCAGg==}
    engines: {node: ^20.19.0 || >=22.12.0}
    cpu: [ppc64]
    os: [linux]
    libc: [glibc]

  '@rolldown/binding-linux-s390x-gnu@1.2.7':
    resolution: {integrity: sha512-516OdsyLdr5E65paF3yBF55t8mfm9+gmtCsK3xI7XKXIT7EfRlHhxL8K/NR6Hu8BWSgF5+1w74lTL0+nxcc8Qw==}
    engines: {node: ^20.19.0 || >=22.12.0}
    cpu: [s390x]
    os: [linux]
    libc: [glibc]

  '@rolldown/binding-linux-x64-gnu@1.2.7':
    resolution: {integrity: sha512-r8/z8n7GFaYRln3xmP1Cxy0HH/HLM0uBUPkEuSVEfKGDA89M0FsZRZJRSwe/tJjRx+fpH/gjorfhB8tmEbSFLA==}
    engines: {node: ^20.19.0 || >=22.12.0}
    cpu: [x64]
    os: [linux]
    libc: [glibc]

  '@rolldown/binding-linux-x64-musl@1.2.7':
    resolution: {integrity: sha512-pAsE8iiDxUg1xBqdhrTfg45AVDVpirjz00sblEYClGNNcMnDb+e8beQgqIAw6LvauX/APvgxUnwrgun/YYGBhw==}
    engines: {node: ^20.19.0 || >=22.12.0}
    cpu: [x64]
    os: [linux]
    libc: [musl]

  '@rolldown/binding-openharmony-arm64@1.2.7':
    resolution: {integrity: sha512-lTcIYmmnQQA8Or/2DatS6oSqcdLHvendjS+zLu+FwgToynWMRSmQdpM65fTANJgIS4mjbMOo5KT2lnT9SAb96w==}
    engines: {node: ^20.19.0 || >=22.12.0}
    cpu: [arm64]
    os: [openharmony]

  '@rolldown/binding-win32-arm64-msvc@1.2.7':
    resolution: {integrity: sha512-e3Gu3WxbNk/UqQhxqU7YIYO+9ZBvWNz3U+h/qRFosscMFzdRPbXYSaSWgSnklv2fz1TgzBTcti2z35c/7irsHw==}
    engines: {node: ^20.19.0 || >=22.12.0}
    cpu: [arm64]
    os: [win32]

  '@rolldown/binding-win32-x64-msvc@1.2.7':
    resolution: {integrity: sha512-W/jg5qoRSqjsEv0+dZi4e687mcHqmVuU0P4fK6qS/xjetW2Gmc1W8j//z5nAeNcC8Ttm0hV46IjcYeuVwYhuiw==}
    engines: {node: ^20.19.0 || >=22.12.0}
    cpu: [x64]
    os: [win32]

  '@rolldown/pluginutils@1.0.1':
    resolution: {integrity: sha512-2j9bGt5Jh8hj+vPtgzPtl72j0yRxHAyumoo6TNfAjsLB04UtpSvPbPcDcBMxz7n+9CYB0c1GxQFxYRg2jimqGw==}

  '@sindresorhus/is@7.2.0':
    resolution: {integrity: sha512-P1Cz1dWaFfR4IR+U13mqqiGsLFf1KbayybWwdd2vfctdV6hDpUkgCY0nKOLLTMSoRd/jJNjtbqzf13K8DCCXQw==}
    engines: {node: '>=18'}

  '@speed-highlight/core@1.2.24':
    resolution: {integrity: sha512-qeW2e1l78afw8VhRPfPQ1Gjj+KU5XFQ/OFV5ti6eTa9bruO7mJyZtA4vw0ofqmA3tKCkROE9xLk3VZoeRc98nw==}

  '@types/js-yaml@4.0.9':
    resolution: {integrity: sha512-k4MGaQl5TGo/iipqb2UDG2UwjXziSWkh0uysQelTlJpX1qGlpUZYm8PnO4DxG1qBomtJUdYJ6qR6xdIah10JLg==}

  '@types/node@26.4.1':
    resolution: {integrity: sha512-k97ENvZWtvA6yqz5/FS6a7duDgOPEeOQOc2iKS/nY6mX6qJUKtLnWzQS+Xj6tXweyj6ZcTAK2Qecetnvi9nCLA==}

  argparse@2.0.1:
    resolution: {integrity: sha512-8+9WqebbFzpX9OR+Wa6O29asIogeRMzcGtAINdpMHHyAg10f05aSFVBbcEqGf/PXw1EjAZ+q2/bEBg3DvurK3Q==}

  consola@3.4.2:
    resolution: {integrity: sha512-5IKcdX0nnYavi6G7TtOhwkYzyjfJlatbjMjuLSfE2kYT5pMDOilZ4OvMhi637CcDICTmz3wARPoyhqyX1Y+XvA==}
    engines: {node: ^14.18.0 || >=16.10.0}

  cookie@1.1.1:
    resolution: {integrity: sha512-ei8Aos7ja0weRpFzJnEA9UHJ/7XQmqglbRwnf2ATjcB9Wq874VKH9kfjjirM6UhU2/E5fFYadylyhFldcqSidQ==}
    engines: {node: '>=18'}

  crossws@0.4.12:
    resolution: {integrity: sha512-aypfsr6t0uNvkqaZc6zvBfXzC6pLI0/sIulpkV6RwCVtZqG5ebBzv4weImKK0VNCj91Wl9F5j7p5WU4MNrybng==}
    peerDependencies:
      srvx: '>=0.11.5'
    peerDependenciesMeta:
      srvx:
        optional: true

  db0@0.4.1:
    resolution: {integrity: sha512-6RBY/bSn42UrqATwsiULj2uYFyEykB3XeA/NLIVQeHNXlYV6D4Idxx3/aa6k5Y45Dwzx7sygeLotnqHWSeURYA==}

  detect-libc@2.1.2:
    resolution: {integrity: sha512-Btj2BOOO83o3WyH59e8MgXsxEQVcarkUOpEYrubB0urwnN10yQ364rsiByU11nZlqWYZm05i/of7io4mzihBtQ==}
    engines: {node: '>=8'}

  env-runner@0.2.1:
    resolution: {integrity: sha512-2iDP2DfheAMMAKeXBggEuFmpSq+1Xs6wQoHba1g65pZFXlC3VHD1O6/tgVzS6GQLv+P2koPKZPKgKhXkigNBdg==}
    hasBin: true

  error-stack-parser-es@1.0.5:
    resolution: {integrity: sha512-5qucVt2XcuGMcEGgWI7i+yZpmpByQ8J1lHhcL7PwqCwu9FPP3VUXzT4ltHe5i2z9dePwEHcDVOAfSnHsOlCXRA==}

  exsolve@1.1.1:
    resolution: {integrity: sha512-9U/jZUgjnSGyntRr6y5Muu1MJcwFl6kPu7k8qLF0IMNfLqvw0NZ4nnVDq0RVoZ0RvCyumib4Ez3KYrVfilrw+g==}

  h3@2.0.1-rc.31:
    resolution: {integrity: sha512-AG7qZzF99a0BSYoXT3evJgIhwSIUKow7R+hwkLRZS06WJ9nbSb7QXUDgs1ByBjp6svTvl++N/GKA7I9YPz9cQQ==}
    engines: {node: '>=20.11.1'}
    hasBin: true
    peerDependencies:
      crossws: ^0.4.12
      ocache: '>=0.3.0'
    peerDependenciesMeta:
      crossws:
        optional: true
      ocache:
        optional: true

  hookable@6.1.1:
    resolution: {integrity: sha512-U9LYDy1CwhMCnprUfeAZWZGByVbhd54hwepegYTK7Pi5NvqEj63ifz5z+xukznehT7i6NIZRu89Ay1AZmRsLEQ==}

  httpxy@0.5.5:
    resolution: {integrity: sha512-uDjmnPyp1q4Sgzf3w+J/Fc6UqcCEj0x4Wjp7OqK5dGhNeDgpyrAmnS6ey8QWrX3SWDon2DMKf9sBa5X9+CVyMA==}

  js-yaml@5.4.1:
    resolution: {integrity: sha512-28R/k+NAjeuf7+CKlTxWZVExJGwVVLwY06DgEnOMz2gEpfNkDcD7QvyiVPT0xy0XXhU8vHsd4Ot42OOPdJG7dQ==}
    hasBin: true

  kleur@4.1.5:
    resolution: {integrity: sha512-o+NO+8WrRiQEE4/7nwRJhN1HWpVmJm511pBHUxPLtp0BUISzlBplORYSmTclCnJvQq2tKu/sgl3xVpkc7ZWuQQ==}
    engines: {node: '>=6'}

  miniflare@4.20260730.0:
    resolution: {integrity: sha512-1Z9SB9r/o//80UA02Re3QhtcecSHAyAjf5EcKBfQVlQrCg7Miy79hl2PvtkwFLIaJ5rcrOPdDcRr577okwZPsg==}
    engines: {node: '>=22.0.0'}
    hasBin: true

  nf3@0.3.24:
    resolution: {integrity: sha512-HxLK4bo+5jNsEETZp4w3tJblHOA9MCBY14IN9nZJJV8JDxt9yNIYxuBuLMjTAR5GFa3HL61+8VQDUrXv3/C8fw==}

  nitro@3.0.260903-beta:
    resolution: {integrity: sha512-54gANPi62O8rfMvepiJUVuIzEIinYfpeHbebywlLxvVTgIYXDwSvpaU9Id+0sJOBjBx0wC1/CVYXJkH7SY+l0g==}
    engines: {node: ^20.19.0 || >=22.12.0}
    hasBin: true

  ocache@0.3.0:
    resolution: {integrity: sha512-RS/9P0zeBb0gDJmadGERLH8lZNXK7xbufTDhclkXGvFGTsj0G4M5/cLk+mizcERH29mLXNnocfB5wjcK70wGJg==}

  oxfmt@0.66.0:
    resolution: {integrity: sha512-FfvqR8RFtV6JJpRrpkfqyVCQ7HDvZ/VriWFx7veftCgL1B5ZO9qNr+1rvPieycMQnNfVG0PWyJQiy7p0hq1I5w==}
    engines: {node: ^20.19.0 || >=22.12.0}
    hasBin: true
    peerDependencies:
      svelte: ^5.0.0
      vite-plus: '*'
    peerDependenciesMeta:
      svelte:
        optional: true
      vite-plus:
        optional: true

  oxlint@1.81.0:
    resolution: {integrity: sha512-HyrJYqeoOCL0iqaLEzGewGT48ZX99P3hxYh8udAF9RGGIghSamkXE4ClUyBpEDNqasamThgmlPbuMOe7SAZmHg==}
    engines: {node: ^20.19.0 || >=22.12.0}
    hasBin: true
    peerDependencies:
      oxlint-tsgolint: '>=7.0.2001'
      vite-plus: '*'
    peerDependenciesMeta:
      oxlint-tsgolint:
        optional: true
      vite-plus:
        optional: true

  pathe@2.0.3:
    resolution: {integrity: sha512-WUjGcAqP1gQacoQe+OBJsFA7Ld4DyXuUIjZ5cc75cLHvJ7dtNsTugphxIADwspS+AraAUePCKrSVtPLFj/F88w==}

  rolldown@1.2.7:
    resolution: {integrity: sha512-g0EtLvBjTUB7jhyV0S/TCup3v/XSVl45vUIGbOGU4QPiyjTenCe4mKuFvW9fEgYmS2Fo42AUssRmNuMziXdrig==}
    engines: {node: ^20.19.0 || >=22.12.0}
    hasBin: true

  rou3@0.9.2:
    resolution: {integrity: sha512-3SOzvaAg8rkHrXtRjpCvCvbyO5to9oOO27Z/XqHEYXfMRVSw/qMIVdmaOk9W2lcRLtR6dlqTjo9hDeJk70QBYQ==}

  semver@7.8.5:
    resolution: {integrity: sha512-Y7/KDsb8LjooZpwaqGyulO6DQlksgCncchHGk+sZIY4SBvUocMBEFH5Ur1fI4dV+Jvl0w6cjvucaIi40puRioA==}
    engines: {node: '>=10'}
    hasBin: true

  sharp@0.35.2:
    resolution: {integrity: sha512-FVtFjtBCMiJS6yb5CX7Sop45WFMpeGw6oRKuJnXYgf/f1ms/D7LE/ZUSNxnW7rZ/dbslQWYkoqFHGPaDBtaK4w==}
    engines: {node: '>=20.9.0'}

  srvx@1.0.3:
    resolution: {integrity: sha512-aOuk+yNJA61yA6eJJvQJxpJLIxz090hKMqDGzd35tGsvwaodi1RPuYSFUp5EINaJp7snjVwLkO2RXVMPZBYnnA==}
    engines: {node: '>=20.16.0'}
    hasBin: true

  supports-color@10.2.2:
    resolution: {integrity: sha512-SS+jx45GF1QjgEXQx4NJZV9ImqmO2NPz5FNsIHrsDjh2YsHnawpan7SNQ1o8NuhrbHZy9AZhIoCUiCeaW/C80g==}
    engines: {node: '>=18'}

  tinypool@2.1.0:
    resolution: {integrity: sha512-Pugqs6M0m7Lv1I7FtxN4aoyToKg1C4tu+/381vH35y8oENM/Ai7f7C4StcoK4/+BSw9ebcS8jRiVrORFKCALLw==}
    engines: {node: ^20.0.0 || >=22.0.0}

  tslib@2.8.1:
    resolution: {integrity: sha512-oJFu94HQb+KVduSUQL7wnpmqnfmLsOA/nAh6b6EH0wCEoK0/mPeXU6c3wKDV83MkOuHPRHtSXKKU99IBazS/2w==}

  undici-types@8.3.0:
    resolution: {integrity: sha512-j375ScV60dom+YkPFIfTLcOiPxkN/buHz5GobjLhixFuANaNs3C9l4GmrWqejgXWJ7BbJcFYpTEUkS1Ge8bpZQ==}

  undici@7.28.0:
    resolution: {integrity: sha512-cRZYrTDwWznlnRiPjggAGxZXanty6M8RV1ff8Wm4LWXBp7/IG8v5DnOm74DtUBp9OONpK75YlPnIjQqX0dBDtA==}
    engines: {node: '>=20.18.1'}

  unenv@2.0.0-rc.24:
    resolution: {integrity: sha512-i7qRCmY42zmCwnYlh9H2SvLEypEFGye5iRmEMKjcGi7zk9UquigRjFtTLz0TYqr0ZGLZhaMHl/foy1bZR+Cwlw==}

  unstorage@2.0.0-alpha.10:
    resolution: {integrity: sha512-6h1veZp8gnp4dGllf0tDijoXxDYymJu251IpKKkrSVH+QHL6tXFbwG85KM+CBHSgpkkgtPuIiZ9oLCLP5+1Evw==}

  workerd@1.20260730.1:
    resolution: {integrity: sha512-zmfNIjwYSWFY5chGBOjWtH3xAE7p97FTC6vR4Ep98290ho6AeAR/NVcBD274YCLEUYzqm8yxdtZlxMybU8a3jA==}
    engines: {node: '>=16'}
    hasBin: true

  ws@8.21.0:
    resolution: {integrity: sha512-Vsp28b7DRcimFQvrqu2Wek3z1iYxDCWqHYB8Qsnk/S4RfaCQzPGPyBNuVjJV3cd6UiKtUtp6sNM77gWvzcCH+g==}
    engines: {node: '>=10.0.0'}
    peerDependencies:
      bufferutil: ^4.0.1
      utf-8-validate: '>=5.0.2'
    peerDependenciesMeta:
      bufferutil:
        optional: true
      utf-8-validate:
        optional: true

  youch-core@0.3.3:
    resolution: {integrity: sha512-ho7XuGjLaJ2hWHoK8yFnsUGy2Y5uDpqSTq1FkHLK4/oqKtyUU1AFbOOxY4IpC9f0fTLjwYbslUz0Po5BpD1wrA==}

  youch@4.1.0-beta.10:
    resolution: {integrity: sha512-rLfVLB4FgQneDr0dv1oddCVZmKjcJ6yX6mS4pU82Mq/Dt9a3cLZQ62pDBL4AUO+uVrCvtWz3ZFUL2HFAFJ/BXQ==}

snapshots:

  '@cloudflare/workerd-darwin-64@1.20260730.1':
    optional: true

  '@cloudflare/workerd-darwin-arm64@1.20260730.1':
    optional: true

  '@cloudflare/workerd-linux-64@1.20260730.1':
    optional: true

  '@cloudflare/workerd-linux-arm64@1.20260730.1':
    optional: true

  '@cloudflare/workerd-windows-64@1.20260730.1':
    optional: true

  '@cspotcode/source-map-support@0.8.1':
    dependencies:
      '@jridgewell/trace-mapping': 0.3.9

  '@emnapi/runtime@1.11.3':
    dependencies:
      tslib: 2.8.1
    optional: true

  '@img/colour@1.1.0': {}

  '@img/sharp-darwin-arm64@0.35.2':
    optionalDependencies:
      '@img/sharp-libvips-darwin-arm64': 1.3.1
    optional: true

  '@img/sharp-darwin-x64@0.35.2':
    optionalDependencies:
      '@img/sharp-libvips-darwin-x64': 1.3.1
    optional: true

  '@img/sharp-freebsd-wasm32@0.35.2':
    dependencies:
      '@img/sharp-wasm32': 0.35.2
    optional: true

  '@img/sharp-libvips-darwin-arm64@1.3.1':
    optional: true

  '@img/sharp-libvips-darwin-x64@1.3.1':
    optional: true

  '@img/sharp-libvips-linux-arm64@1.3.1':
    optional: true

  '@img/sharp-libvips-linux-arm@1.3.1':
    optional: true

  '@img/sharp-libvips-linux-ppc64@1.3.1':
    optional: true

  '@img/sharp-libvips-linux-riscv64@1.3.1':
    optional: true

  '@img/sharp-libvips-linux-s390x@1.3.1':
    optional: true

  '@img/sharp-libvips-linux-x64@1.3.1':
    optional: true

  '@img/sharp-libvips-linuxmusl-arm64@1.3.1':
    optional: true

  '@img/sharp-libvips-linuxmusl-x64@1.3.1':
    optional: true

  '@img/sharp-linux-arm64@0.35.2':
    optionalDependencies:
      '@img/sharp-libvips-linux-arm64': 1.3.1
    optional: true

  '@img/sharp-linux-arm@0.35.2':
    optionalDependencies:
      '@img/sharp-libvips-linux-arm': 1.3.1
    optional: true

  '@img/sharp-linux-ppc64@0.35.2':
    optionalDependencies:
      '@img/sharp-libvips-linux-ppc64': 1.3.1
    optional: true

  '@img/sharp-linux-riscv64@0.35.2':
    optionalDependencies:
      '@img/sharp-libvips-linux-riscv64': 1.3.1
    optional: true

  '@img/sharp-linux-s390x@0.35.2':
    optionalDependencies:
      '@img/sharp-libvips-linux-s390x': 1.3.1
    optional: true

  '@img/sharp-linux-x64@0.35.2':
    optionalDependencies:
      '@img/sharp-libvips-linux-x64': 1.3.1
    optional: true

  '@img/sharp-linuxmusl-arm64@0.35.2':
    optionalDependencies:
      '@img/sharp-libvips-linuxmusl-arm64': 1.3.1
    optional: true

  '@img/sharp-linuxmusl-x64@0.35.2':
    optionalDependencies:
      '@img/sharp-libvips-linuxmusl-x64': 1.3.1
    optional: true

  '@img/sharp-wasm32@0.35.2':
    dependencies:
      '@emnapi/runtime': 1.11.3
    optional: true

  '@img/sharp-webcontainers-wasm32@0.35.2':
    dependencies:
      '@img/sharp-wasm32': 0.35.2
    optional: true

  '@img/sharp-win32-arm64@0.35.2':
    optional: true

  '@img/sharp-win32-ia32@0.35.2':
    optional: true

  '@img/sharp-win32-x64@0.35.2':
    optional: true

  '@jridgewell/resolve-uri@3.1.2': {}

  '@jridgewell/sourcemap-codec@1.6.0': {}

  '@jridgewell/trace-mapping@0.3.9':
    dependencies:
      '@jridgewell/resolve-uri': 3.1.2
      '@jridgewell/sourcemap-codec': 1.6.0

  '@oxc-project/types@0.148.0': {}

  '@oxfmt/binding-android-arm-eabi@0.66.0':
    optional: true

  '@oxfmt/binding-android-arm64@0.66.0':
    optional: true

  '@oxfmt/binding-darwin-arm64@0.66.0':
    optional: true

  '@oxfmt/binding-darwin-x64@0.66.0':
    optional: true

  '@oxfmt/binding-freebsd-x64@0.66.0':
    optional: true

  '@oxfmt/binding-linux-arm-gnueabihf@0.66.0':
    optional: true

  '@oxfmt/binding-linux-arm-musleabihf@0.66.0':
    optional: true

  '@oxfmt/binding-linux-arm64-gnu@0.66.0':
    optional: true

  '@oxfmt/binding-linux-arm64-musl@0.66.0':
    optional: true

  '@oxfmt/binding-linux-ppc64-gnu@0.66.0':
    optional: true

  '@oxfmt/binding-linux-riscv64-gnu@0.66.0':
    optional: true

  '@oxfmt/binding-linux-riscv64-musl@0.66.0':
    optional: true

  '@oxfmt/binding-linux-s390x-gnu@0.66.0':
    optional: true

  '@oxfmt/binding-linux-x64-gnu@0.66.0':
    optional: true

  '@oxfmt/binding-linux-x64-musl@0.66.0':
    optional: true

  '@oxfmt/binding-openharmony-arm64@0.66.0':
    optional: true

  '@oxfmt/binding-win32-arm64-msvc@0.66.0':
    optional: true

  '@oxfmt/binding-win32-ia32-msvc@0.66.0':
    optional: true

  '@oxfmt/binding-win32-x64-msvc@0.66.0':
    optional: true

  '@oxlint/binding-android-arm-eabi@1.81.0':
    optional: true

  '@oxlint/binding-android-arm64@1.81.0':
    optional: true

  '@oxlint/binding-darwin-arm64@1.81.0':
    optional: true

  '@oxlint/binding-darwin-x64@1.81.0':
    optional: true

  '@oxlint/binding-freebsd-x64@1.81.0':
    optional: true

  '@oxlint/binding-linux-arm-gnueabihf@1.81.0':
    optional: true

  '@oxlint/binding-linux-arm-musleabihf@1.81.0':
    optional: true

  '@oxlint/binding-linux-arm64-gnu@1.81.0':
    optional: true

  '@oxlint/binding-linux-arm64-musl@1.81.0':
    optional: true

  '@oxlint/binding-linux-ppc64-gnu@1.81.0':
    optional: true

  '@oxlint/binding-linux-riscv64-gnu@1.81.0':
    optional: true

  '@oxlint/binding-linux-riscv64-musl@1.81.0':
    optional: true

  '@oxlint/binding-linux-s390x-gnu@1.81.0':
    optional: true

  '@oxlint/binding-linux-x64-gnu@1.81.0':
    optional: true

  '@oxlint/binding-linux-x64-musl@1.81.0':
    optional: true

  '@oxlint/binding-openharmony-arm64@1.81.0':
    optional: true

  '@oxlint/binding-win32-arm64-msvc@1.81.0':
    optional: true

  '@oxlint/binding-win32-ia32-msvc@1.81.0':
    optional: true

  '@oxlint/binding-win32-x64-msvc@1.81.0':
    optional: true

  '@poppinss/colors@4.1.6':
    dependencies:
      kleur: 4.1.5

  '@poppinss/dumper@0.6.5':
    dependencies:
      '@poppinss/colors': 4.1.6
      '@sindresorhus/is': 7.2.0
      supports-color: 10.2.2

  '@poppinss/exception@1.2.3': {}

  '@rolldown/binding-android-arm-eabi@1.2.7':
    optional: true

  '@rolldown/binding-android-arm64@1.2.7':
    optional: true

  '@rolldown/binding-darwin-arm64@1.2.7':
    optional: true

  '@rolldown/binding-darwin-x64@1.2.7':
    optional: true

  '@rolldown/binding-freebsd-x64@1.2.7':
    optional: true

  '@rolldown/binding-linux-arm-gnueabihf@1.2.7':
    optional: true

  '@rolldown/binding-linux-arm64-gnu@1.2.7':
    optional: true

  '@rolldown/binding-linux-arm64-musl@1.2.7':
    optional: true

  '@rolldown/binding-linux-ppc64-gnu@1.2.7':
    optional: true

  '@rolldown/binding-linux-s390x-gnu@1.2.7':
    optional: true

  '@rolldown/binding-linux-x64-gnu@1.2.7':
    optional: true

  '@rolldown/binding-linux-x64-musl@1.2.7':
    optional: true

  '@rolldown/binding-openharmony-arm64@1.2.7':
    optional: true

  '@rolldown/binding-win32-arm64-msvc@1.2.7':
    optional: true

  '@rolldown/binding-win32-x64-msvc@1.2.7':
    optional: true

  '@rolldown/pluginutils@1.0.1': {}

  '@sindresorhus/is@7.2.0': {}

  '@speed-highlight/core@1.2.24': {}

  '@types/js-yaml@4.0.9': {}

  '@types/node@26.4.1':
    dependencies:
      undici-types: 8.3.0

  argparse@2.0.1: {}

  consola@3.4.2: {}

  cookie@1.1.1: {}

  crossws@0.4.12(srvx@1.0.3):
    optionalDependencies:
      srvx: 1.0.3

  db0@0.4.1: {}

  detect-libc@2.1.2: {}

  env-runner@0.2.1:
    dependencies:
      crossws: 0.4.12(srvx@1.0.3)
      exsolve: 1.1.1
      httpxy: 0.5.5
      srvx: 1.0.3

  error-stack-parser-es@1.0.5: {}

  exsolve@1.1.1: {}

  h3@2.0.1-rc.31(crossws@0.4.12(srvx@1.0.3))(ocache@0.3.0):
    dependencies:
      rou3: 0.9.2
      srvx: 1.0.3
    optionalDependencies:
      crossws: 0.4.12(srvx@1.0.3)
      ocache: 0.3.0

  hookable@6.1.1: {}

  httpxy@0.5.5: {}

  js-yaml@5.4.1:
    dependencies:
      argparse: 2.0.1

  kleur@4.1.5: {}

  miniflare@4.20260730.0:
    dependencies:
      '@cspotcode/source-map-support': 0.8.1
      sharp: 0.35.2
      undici: 7.28.0
      workerd: 1.20260730.1
      ws: 8.21.0
      youch: 4.1.0-beta.10
    transitivePeerDependencies:
      - bufferutil
      - utf-8-validate

  nf3@0.3.24: {}

  nitro@3.0.260903-beta:
    dependencies:
      consola: 3.4.2
      crossws: 0.4.12(srvx@1.0.3)
      db0: 0.4.1
      env-runner: 0.2.1
      h3: 2.0.1-rc.31(crossws@0.4.12(srvx@1.0.3))(ocache@0.3.0)
      hookable: 6.1.1
      nf3: 0.3.24
      ocache: 0.3.0
      rolldown: 1.2.7
      rou3: 0.9.2
      srvx: 1.0.3
      unenv: 2.0.0-rc.24
      unstorage: 2.0.0-alpha.10

  ocache@0.3.0: {}

  oxfmt@0.66.0:
    dependencies:
      tinypool: 2.1.0
    optionalDependencies:
      '@oxfmt/binding-android-arm-eabi': 0.66.0
      '@oxfmt/binding-android-arm64': 0.66.0
      '@oxfmt/binding-darwin-arm64': 0.66.0
      '@oxfmt/binding-darwin-x64': 0.66.0
      '@oxfmt/binding-freebsd-x64': 0.66.0
      '@oxfmt/binding-linux-arm-gnueabihf': 0.66.0
      '@oxfmt/binding-linux-arm-musleabihf': 0.66.0
      '@oxfmt/binding-linux-arm64-gnu': 0.66.0
      '@oxfmt/binding-linux-arm64-musl': 0.66.0
      '@oxfmt/binding-linux-ppc64-gnu': 0.66.0
      '@oxfmt/binding-linux-riscv64-gnu': 0.66.0
      '@oxfmt/binding-linux-riscv64-musl': 0.66.0
      '@oxfmt/binding-linux-s390x-gnu': 0.66.0
      '@oxfmt/binding-linux-x64-gnu': 0.66.0
      '@oxfmt/binding-linux-x64-musl': 0.66.0
      '@oxfmt/binding-openharmony-arm64': 0.66.0
      '@oxfmt/binding-win32-arm64-msvc': 0.66.0
      '@oxfmt/binding-win32-ia32-msvc': 0.66.0
      '@oxfmt/binding-win32-x64-msvc': 0.66.0

  oxlint@1.81.0:
    optionalDependencies:
      '@oxlint/binding-android-arm-eabi': 1.81.0
      '@oxlint/binding-android-arm64': 1.81.0
      '@oxlint/binding-darwin-arm64': 1.81.0
      '@oxlint/binding-darwin-x64': 1.81.0
      '@oxlint/binding-freebsd-x64': 1.81.0
      '@oxlint/binding-linux-arm-gnueabihf': 1.81.0
      '@oxlint/binding-linux-arm-musleabihf': 1.81.0
      '@oxlint/binding-linux-arm64-gnu': 1.81.0
      '@oxlint/binding-linux-arm64-musl': 1.81.0
      '@oxlint/binding-linux-ppc64-gnu': 1.81.0
      '@oxlint/binding-linux-riscv64-gnu': 1.81.0
      '@oxlint/binding-linux-riscv64-musl': 1.81.0
      '@oxlint/binding-linux-s390x-gnu': 1.81.0
      '@oxlint/binding-linux-x64-gnu': 1.81.0
      '@oxlint/binding-linux-x64-musl': 1.81.0
      '@oxlint/binding-openharmony-arm64': 1.81.0
      '@oxlint/binding-win32-arm64-msvc': 1.81.0
      '@oxlint/binding-win32-ia32-msvc': 1.81.0
      '@oxlint/binding-win32-x64-msvc': 1.81.0

  pathe@2.0.3: {}

  rolldown@1.2.7:
    dependencies:
      '@oxc-project/types': 0.148.0
      '@rolldown/pluginutils': 1.0.1
    optionalDependencies:
      '@rolldown/binding-android-arm-eabi': 1.2.7
      '@rolldown/binding-android-arm64': 1.2.7
      '@rolldown/binding-darwin-arm64': 1.2.7
      '@rolldown/binding-darwin-x64': 1.2.7
      '@rolldown/binding-freebsd-x64': 1.2.7
      '@rolldown/binding-linux-arm-gnueabihf': 1.2.7
      '@rolldown/binding-linux-arm64-gnu': 1.2.7
      '@rolldown/binding-linux-arm64-musl': 1.2.7
      '@rolldown/binding-linux-ppc64-gnu': 1.2.7
      '@rolldown/binding-linux-s390x-gnu': 1.2.7
      '@rolldown/binding-linux-x64-gnu': 1.2.7
      '@rolldown/binding-linux-x64-musl': 1.2.7
      '@rolldown/binding-openharmony-arm64': 1.2.7
      '@rolldown/binding-win32-arm64-msvc': 1.2.7
      '@rolldown/binding-win32-x64-msvc': 1.2.7

  rou3@0.9.2: {}

  semver@7.8.5: {}

  sharp@0.35.2:
    dependencies:
      '@img/colour': 1.1.0
      detect-libc: 2.1.2
      semver: 7.8.5
    optionalDependencies:
      '@img/sharp-darwin-arm64': 0.35.2
      '@img/sharp-darwin-x64': 0.35.2
      '@img/sharp-freebsd-wasm32': 0.35.2
      '@img/sharp-libvips-darwin-arm64': 1.3.1
      '@img/sharp-libvips-darwin-x64': 1.3.1
      '@img/sharp-libvips-linux-arm': 1.3.1
      '@img/sharp-libvips-linux-arm64': 1.3.1
      '@img/sharp-libvips-linux-ppc64': 1.3.1
      '@img/sharp-libvips-linux-riscv64': 1.3.1
      '@img/sharp-libvips-linux-s390x': 1.3.1
      '@img/sharp-libvips-linux-x64': 1.3.1
      '@img/sharp-libvips-linuxmusl-arm64': 1.3.1
      '@img/sharp-libvips-linuxmusl-x64': 1.3.1
      '@img/sharp-linux-arm': 0.35.2
      '@img/sharp-linux-arm64': 0.35.2
      '@img/sharp-linux-ppc64': 0.35.2
      '@img/sharp-linux-riscv64': 0.35.2
      '@img/sharp-linux-s390x': 0.35.2
      '@img/sharp-linux-x64': 0.35.2
      '@img/sharp-linuxmusl-arm64': 0.35.2
      '@img/sharp-linuxmusl-x64': 0.35.2
      '@img/sharp-webcontainers-wasm32': 0.35.2
      '@img/sharp-win32-arm64': 0.35.2
      '@img/sharp-win32-ia32': 0.35.2
      '@img/sharp-win32-x64': 0.35.2

  srvx@1.0.3: {}

  supports-color@10.2.2: {}

  tinypool@2.1.0: {}

  tslib@2.8.1:
    optional: true

  undici-types@8.3.0: {}

  undici@7.28.0: {}

  unenv@2.0.0-rc.24:
    dependencies:
      pathe: 2.0.3

  unstorage@2.0.0-alpha.10: {}

  workerd@1.20260730.1:
    optionalDependencies:
      '@cloudflare/workerd-darwin-64': 1.20260730.1
      '@cloudflare/workerd-darwin-arm64': 1.20260730.1
      '@cloudflare/workerd-linux-64': 1.20260730.1
      '@cloudflare/workerd-linux-arm64': 1.20260730.1
      '@cloudflare/workerd-windows-64': 1.20260730.1

  ws@8.21.0: {}

  youch-core@0.3.3:
    dependencies:
      '@poppinss/exception': 1.2.3
      error-stack-parser-es: 1.0.5

  youch@4.1.0-beta.10:
    dependencies:
      '@poppinss/colors': 4.1.6
      '@poppinss/dumper': 0.6.5
      '@speed-highlight/core': 1.2.24
      cookie: 1.1.1
      youch-core: 0.3.3
