lockfileVersion: '9.0'

settings:
  autoInstallPeers: true
  excludeLinksFromLockfile: false

importers:

  .:
    dependencies:
      js-yaml:
        specifier: ^4.1.1
        version: 4.1.1
      ofetch:
        specifier: ^1.5.1
        version: 1.5.1
    devDependencies:
      '@types/js-yaml':
        specifier: ^4.0.9
        version: 4.0.9
      '@types/node':
        specifier: ^25.0.3
        version: 25.0.3
      nitro:
        specifier: link:..\..\nitro
        version: link:../../nitro
      oxfmt:
        specifier: ^0.15.0
        version: 0.15.0
      oxlint:
        specifier: ^1.30.0
        version: 1.30.0
      rolldown:
        specifier: 1.0.0-beta.55
        version: 1.0.0-beta.55

packages:

  '@emnapi/core@1.7.1':
    resolution: {integrity: sha512-o1uhUASyo921r2XtHYOHy7gdkGLge8ghBEQHMWmyJFoXlpU58kIrhhN3w26lpQb6dspetweapMn2CSNwQ8I4wg==}

  '@emnapi/runtime@1.7.1':
    resolution: {integrity: sha512-PVtJr5CmLwYAU9PZDMITZoR5iAOShYREoR45EyyLrbntV50mdePTgUn4AmOw90Ifcj+x2kRjdzr1HP3RrNiHGA==}

  '@emnapi/wasi-threads@1.1.0':
    resolution: {integrity: sha512-WI0DdZ8xFSbgMjR1sFsKABJ/C5OnRrjT06JXbZKexJGrDuPTzZdDYfFlsgcCXCyf+suG5QU2e/y1Wo2V/OapLQ==}

  '@napi-rs/wasm-runtime@1.1.0':
    resolution: {integrity: sha512-Fq6DJW+Bb5jaWE69/qOE0D1TUN9+6uWhCeZpdnSBk14pjLcCWR7Q8n49PTSPHazM37JqrsdpEthXy2xn6jWWiA==}

  '@oxc-project/types@0.103.0':
    resolution: {integrity: sha512-bkiYX5kaXWwUessFRSoXFkGIQTmc6dLGdxuRTrC+h8PSnIdZyuXHHlLAeTmOue5Br/a0/a7dHH0Gca6eXn9MKg==}

  '@oxfmt/darwin-arm64@0.15.0':
    resolution: {integrity: sha512-M5xiXkqtwG/1yVlNZJaXeFJGs1jVTT7Q6gfdIU3nO8wXIj0lsfcirc55XPObWohA8T73oLh3Cp1oSQluxVXQrQ==}
    cpu: [arm64]
    os: [darwin]

  '@oxfmt/darwin-x64@0.15.0':
    resolution: {integrity: sha512-HXBZBV1oqmZWcmXXQE+zXNpe8nOXyeY9oLeW6KfflR1HCicR75Tmer6Y5/euVOb/mDfegkkjReRoQnYxJ6CmtQ==}
    cpu: [x64]
    os: [darwin]

  '@oxfmt/linux-arm64-gnu@0.15.0':
    resolution: {integrity: sha512-udaMrO+a6XFCtr0wPMHNFxyYD824y0FzjMrll77P8t2jDxiNAwbEzbz7SU0VKSEH36K62bgS2Dn/yfWedXQFrQ==}
    cpu: [arm64]
    os: [linux]

  '@oxfmt/linux-arm64-musl@0.15.0':
    resolution: {integrity: sha512-HHFSA5bL60DG2QjI9KnkCCImdBitLoun1LGitMpI9SQDYeKezDr8rz4IQWeE2h45dWltFFm5fONh6cwSLFeHOQ==}
    cpu: [arm64]
    os: [linux]

  '@oxfmt/linux-x64-gnu@0.15.0':
    resolution: {integrity: sha512-M1dN2Erxd5d5e/YP19Rv6TsDiHAgeAydOX/Qr42/CQfP93edohFOXvZsgthEGQVKNcc45SNDd2Fscx3szw68iA==}
    cpu: [x64]
    os: [linux]

  '@oxfmt/linux-x64-musl@0.15.0':
    resolution: {integrity: sha512-Y7f+Daz9/Hnmtkja6Va0E8iYYSSV4RGyIz8FD2flfd3BIA1TOVOYwlmkAFQkBUhwuIDsYOtsWcAXJAf8cWiAEw==}
    cpu: [x64]
    os: [linux]

  '@oxfmt/win32-arm64@0.15.0':
    resolution: {integrity: sha512-IhrYWgy9yF5tynkScyiQEiTxvEXVo8L++JuIIv36p2Vdk7wPNtfq1tHSiu1nrUw33idjsWZ0QsP6Sx2e+48s0A==}
    cpu: [arm64]
    os: [win32]

  '@oxfmt/win32-x64@0.15.0':
    resolution: {integrity: sha512-ngMLVe0UxjKtjZ79MYp0qJDolltFOAFp511Tfr89nVv077cQosqZ0Sx7hmIQLA0G+wyADfG/UMNcpPVyC/Msig==}
    cpu: [x64]
    os: [win32]

  '@oxlint/darwin-arm64@1.30.0':
    resolution: {integrity: sha512-vIiTk1FBObXHvaG3WK/SpwCZP06fuHhSrn8mK2hEs2uSFWG63WgvLAHSGhI4U1X29JGf36zhfUzuKirDIVdKBQ==}
    cpu: [arm64]
    os: [darwin]

  '@oxlint/darwin-x64@1.30.0':
    resolution: {integrity: sha512-DP4ueul8Vza52gJX1/+jyXQjUsgjmPe4Pq5uYOVa8k2V8cKRb2JzBls+DugbeP7yzKNTmlSp3J2mUnHQXuntLA==}
    cpu: [x64]
    os: [darwin]

  '@oxlint/linux-arm64-gnu@1.30.0':
    resolution: {integrity: sha512-1e9NvTvjzG6t1tnUzNU9HZTVwNwhZw2BDQxwIsXV743g54BIkvyZNNXOEGic/Jw4IuIXHzpX3ztVWZaSzvDopg==}
    cpu: [arm64]
    os: [linux]

  '@oxlint/linux-arm64-musl@1.30.0':
    resolution: {integrity: sha512-szb5RB8Tbk756/z/GAdmUn+H1E2815BbcM7s6JZYQgyCJxR0RCL1yFXgKyz3BjIDqzR98Tw8H3g4TeJbN2etAg==}
    cpu: [arm64]
    os: [linux]

  '@oxlint/linux-x64-gnu@1.30.0':
    resolution: {integrity: sha512-yOWGu4a82yA8xLusaznW41IF5ZkvBNz/U++M2/tCYAQUoJKSfJuAS5AhApRMKZLKeX0Vmdagh0YwvC+e98QG0w==}
    cpu: [x64]
    os: [linux]

  '@oxlint/linux-x64-musl@1.30.0':
    resolution: {integrity: sha512-qL1902VF4EMTZTZdJEIzzUQ+UD0IbH+IW6dhYZXbP9nTXJnItW1fk4cyJq5zfUVu1IoVwKK2FP1jUMqEsBlWTw==}
    cpu: [x64]
    os: [linux]

  '@oxlint/win32-arm64@1.30.0':
    resolution: {integrity: sha512-QK6C1djHKI7g1l5g6W9vkz9sd+sn1QJe6PbaV2sWFjVVoT0tO6LWygVWaci09ZHYVJ+lnCbbaFEgZ9jQhIs05A==}
    cpu: [arm64]
    os: [win32]

  '@oxlint/win32-x64@1.30.0':
    resolution: {integrity: sha512-tbPnJIBUKke9KpceV+DpGyfN3LdhGaEPJHSuD4/mUEwP9Kk6IKSoDNih681RVGhgvaEZg3uHmQr6n9Uh0P3Yrg==}
    cpu: [x64]
    os: [win32]

  '@rolldown/binding-android-arm64@1.0.0-beta.55':
    resolution: {integrity: sha512-5cPpHdO+zp+klznZnIHRO1bMHDq5hS9cqXodEKAaa/dQTPDjnE91OwAsy3o1gT2x4QaY8NzdBXAvutYdaw0WeA==}
    engines: {node: ^20.19.0 || >=22.12.0}
    cpu: [arm64]
    os: [android]

  '@rolldown/binding-darwin-arm64@1.0.0-beta.55':
    resolution: {integrity: sha512-l0887CGU2SXZr0UJmeEcXSvtDCOhDTTYXuoWbhrEJ58YQhQk24EVhDhHMTyjJb1PBRniUgNc1G0T51eF8z+TWw==}
    engines: {node: ^20.19.0 || >=22.12.0}
    cpu: [arm64]
    os: [darwin]

  '@rolldown/binding-darwin-x64@1.0.0-beta.55':
    resolution: {integrity: sha512-d7qP2AVYzN0tYIP4vJ7nmr26xvmlwdkLD/jWIc9Z9dqh5y0UGPigO3m5eHoHq9BNazmwdD9WzDHbQZyXFZjgtA==}
    engines: {node: ^20.19.0 || >=22.12.0}
    cpu: [x64]
    os: [darwin]

  '@rolldown/binding-freebsd-x64@1.0.0-beta.55':
    resolution: {integrity: sha512-j311E4NOB0VMmXHoDDZhrWidUf7L/Sa6bu/+i2cskvHKU40zcUNPSYeD2YiO2MX+hhDFa5bJwhliYfs+bTrSZw==}
    engines: {node: ^20.19.0 || >=22.12.0}
    cpu: [x64]
    os: [freebsd]

  '@rolldown/binding-linux-arm-gnueabihf@1.0.0-beta.55':
    resolution: {integrity: sha512-lAsaYWhfNTW2A/9O7zCpb5eIJBrFeNEatOS/DDOZ5V/95NHy50g4b/5ViCqchfyFqRb7MKUR18/+xWkIcDkeIw==}
    engines: {node: ^20.19.0 || >=22.12.0}
    cpu: [arm]
    os: [linux]

  '@rolldown/binding-linux-arm64-gnu@1.0.0-beta.55':
    resolution: {integrity: sha512-2x6ffiVLZrQv7Xii9+JdtyT1U3bQhKj59K3eRnYlrXsKyjkjfmiDUVx2n+zSyijisUqD62fcegmx2oLLfeTkCA==}
    engines: {node: ^20.19.0 || >=22.12.0}
    cpu: [arm64]
    os: [linux]

  '@rolldown/binding-linux-arm64-musl@1.0.0-beta.55':
    resolution: {integrity: sha512-QbNncvqAXziya5wleI+OJvmceEE15vE4yn4qfbI/hwT/+8ZcqxyfRZOOh62KjisXxp4D0h3JZspycXYejxAU3w==}
    engines: {node: ^20.19.0 || >=22.12.0}
    cpu: [arm64]
    os: [linux]

  '@rolldown/binding-linux-x64-gnu@1.0.0-beta.55':
    resolution: {integrity: sha512-YZCTZZM+rujxwVc6A+QZaNMJXVtmabmFYLG2VGQTKaBfYGvBKUgtbMEttnp/oZ88BMi2DzadBVhOmfQV8SuHhw==}
    engines: {node: ^20.19.0 || >=22.12.0}
    cpu: [x64]
    os: [linux]

  '@rolldown/binding-linux-x64-musl@1.0.0-beta.55':
    resolution: {integrity: sha512-28q9OQ/DDpFh2keS4BVAlc3N65/wiqKbk5K1pgLdu/uWbKa8hgUJofhXxqO+a+Ya2HVTUuYHneWsI2u+eu3N5Q==}
    engines: {node: ^20.19.0 || >=22.12.0}
    cpu: [x64]
    os: [linux]

  '@rolldown/binding-openharmony-arm64@1.0.0-beta.55':
    resolution: {integrity: sha512-LiCA4BjCnm49B+j1lFzUtlC+4ZphBv0d0g5VqrEJua/uyv9Ey1v9tiaMql1C8c0TVSNDUmrkfHQ71vuQC7YfpQ==}
    engines: {node: ^20.19.0 || >=22.12.0}
    cpu: [arm64]
    os: [openharmony]

  '@rolldown/binding-wasm32-wasi@1.0.0-beta.55':
    resolution: {integrity: sha512-nZ76tY7T0Oe8vamz5Cv5CBJvrqeQxwj1WaJ2GxX8Msqs0zsQMMcvoyxOf0glnJlxxgKjtoBxAOxaAU8ERbW6Tg==}
    engines: {node: '>=14.0.0'}
    cpu: [wasm32]

  '@rolldown/binding-win32-arm64-msvc@1.0.0-beta.55':
    resolution: {integrity: sha512-TFVVfLfhL1G+pWspYAgPK/FSqjiBtRKYX9hixfs508QVEZPQlubYAepHPA7kEa6lZXYj5ntzF87KC6RNhxo+ew==}
    engines: {node: ^20.19.0 || >=22.12.0}
    cpu: [arm64]
    os: [win32]

  '@rolldown/binding-win32-x64-msvc@1.0.0-beta.55':
    resolution: {integrity: sha512-j1WBlk0p+ISgLzMIgl0xHp1aBGXenoK2+qWYc/wil2Vse7kVOdFq9aeQ8ahK6/oxX2teQ5+eDvgjdywqTL+daA==}
    engines: {node: ^20.19.0 || >=22.12.0}
    cpu: [x64]
    os: [win32]

  '@rolldown/pluginutils@1.0.0-beta.55':
    resolution: {integrity: sha512-vajw/B3qoi7aYnnD4BQ4VoCcXQWnF0roSwE2iynbNxgW4l9mFwtLmLmUhpDdcTBfKyZm1p/T0D13qG94XBLohA==}

  '@tybys/wasm-util@0.10.1':
    resolution: {integrity: sha512-9tTaPJLSiejZKx+Bmog4uSubteqTvFrVrURwkmHixBo0G4seD0zUxp98E1DzUBJxLQ3NPwXrGKDiVjwx/DpPsg==}

  '@types/js-yaml@4.0.9':
    resolution: {integrity: sha512-k4MGaQl5TGo/iipqb2UDG2UwjXziSWkh0uysQelTlJpX1qGlpUZYm8PnO4DxG1qBomtJUdYJ6qR6xdIah10JLg==}

  '@types/node@25.0.3':
    resolution: {integrity: sha512-W609buLVRVmeW693xKfzHeIV6nJGGz98uCPfeXI1ELMLXVeKYZ9m15fAMSaUPBHYLGFsVRcMmSCksQOrZV9BYA==}

  argparse@2.0.1:
    resolution: {integrity: sha512-8+9WqebbFzpX9OR+Wa6O29asIogeRMzcGtAINdpMHHyAg10f05aSFVBbcEqGf/PXw1EjAZ+q2/bEBg3DvurK3Q==}

  destr@2.0.5:
    resolution: {integrity: sha512-ugFTXCtDZunbzasqBxrK93Ik/DRYsO6S/fedkWEMKqt04xZ4csmnmwGDBAb07QWNaGMAmnTIemsYZCksjATwsA==}

  js-yaml@4.1.1:
    resolution: {integrity: sha512-qQKT4zQxXl8lLwBtHMWwaTcGfFOZviOJet3Oy/xmGk2gZH677CJM9EvtfdSkgWcATZhj/55JZ0rmy3myCT5lsA==}
    hasBin: true

  node-fetch-native@1.6.7:
    resolution: {integrity: sha512-g9yhqoedzIUm0nTnTqAQvueMPVOuIY16bqgAJJC8XOOubYFNwz6IER9qs0Gq2Xd0+CecCKFjtdDTMA4u4xG06Q==}

  ofetch@1.5.1:
    resolution: {integrity: sha512-2W4oUZlVaqAPAil6FUg/difl6YhqhUR7x2eZY4bQCko22UXg3hptq9KLQdqFClV+Wu85UX7hNtdGTngi/1BxcA==}

  oxfmt@0.15.0:
    resolution: {integrity: sha512-WOPBsZteu/H7t+3UGuEDyYi87+v2H96zyBwrEIwq4SEAt8P3bL6velrvs71V6aOpxjLcIPAnKjXeHScvFImI4w==}
    engines: {node: ^20.19.0 || >=22.12.0}
    hasBin: true

  oxlint@1.30.0:
    resolution: {integrity: sha512-6Mcpj7Gn26QNRUpue9kRZKQg623mH10kLPl597sNCOfXeUZHTglrc2O54eskHMRA+tR7c0u73nW4GPwSFePLkA==}
    engines: {node: ^20.19.0 || >=22.12.0}
    hasBin: true
    peerDependencies:
      oxlint-tsgolint: '>=0.8.1'
    peerDependenciesMeta:
      oxlint-tsgolint:
        optional: true

  rolldown@1.0.0-beta.55:
    resolution: {integrity: sha512-r8Ws43aYCnfO07ao0SvQRz4TBAtZJjGWNvScRBOHuiNHvjfECOJBIqJv0nUkL1GYcltjvvHswRilDF1ocsC0+g==}
    engines: {node: ^20.19.0 || >=22.12.0}
    hasBin: true

  tslib@2.8.1:
    resolution: {integrity: sha512-oJFu94HQb+KVduSUQL7wnpmqnfmLsOA/nAh6b6EH0wCEoK0/mPeXU6c3wKDV83MkOuHPRHtSXKKU99IBazS/2w==}

  ufo@1.6.1:
    resolution: {integrity: sha512-9a4/uxlTWJ4+a5i0ooc1rU7C7YOw3wT+UGqdeNNHWnOF9qcMBgLRS+4IYUqbczewFx4mLEig6gawh7X6mFlEkA==}

  undici-types@7.16.0:
    resolution: {integrity: sha512-Zz+aZWSj8LE6zoxD+xrjh4VfkIG8Ya6LvYkZqtUQGJPZjYl53ypCaUwWqo7eI0x66KBGeRo+mlBEkMSeSZ38Nw==}

snapshots:

  '@emnapi/core@1.7.1':
    dependencies:
      '@emnapi/wasi-threads': 1.1.0
      tslib: 2.8.1
    optional: true

  '@emnapi/runtime@1.7.1':
    dependencies:
      tslib: 2.8.1
    optional: true

  '@emnapi/wasi-threads@1.1.0':
    dependencies:
      tslib: 2.8.1
    optional: true

  '@napi-rs/wasm-runtime@1.1.0':
    dependencies:
      '@emnapi/core': 1.7.1
      '@emnapi/runtime': 1.7.1
      '@tybys/wasm-util': 0.10.1
    optional: true

  '@oxc-project/types@0.103.0': {}

  '@oxfmt/darwin-arm64@0.15.0':
    optional: true

  '@oxfmt/darwin-x64@0.15.0':
    optional: true

  '@oxfmt/linux-arm64-gnu@0.15.0':
    optional: true

  '@oxfmt/linux-arm64-musl@0.15.0':
    optional: true

  '@oxfmt/linux-x64-gnu@0.15.0':
    optional: true

  '@oxfmt/linux-x64-musl@0.15.0':
    optional: true

  '@oxfmt/win32-arm64@0.15.0':
    optional: true

  '@oxfmt/win32-x64@0.15.0':
    optional: true

  '@oxlint/darwin-arm64@1.30.0':
    optional: true

  '@oxlint/darwin-x64@1.30.0':
    optional: true

  '@oxlint/linux-arm64-gnu@1.30.0':
    optional: true

  '@oxlint/linux-arm64-musl@1.30.0':
    optional: true

  '@oxlint/linux-x64-gnu@1.30.0':
    optional: true

  '@oxlint/linux-x64-musl@1.30.0':
    optional: true

  '@oxlint/win32-arm64@1.30.0':
    optional: true

  '@oxlint/win32-x64@1.30.0':
    optional: true

  '@rolldown/binding-android-arm64@1.0.0-beta.55':
    optional: true

  '@rolldown/binding-darwin-arm64@1.0.0-beta.55':
    optional: true

  '@rolldown/binding-darwin-x64@1.0.0-beta.55':
    optional: true

  '@rolldown/binding-freebsd-x64@1.0.0-beta.55':
    optional: true

  '@rolldown/binding-linux-arm-gnueabihf@1.0.0-beta.55':
    optional: true

  '@rolldown/binding-linux-arm64-gnu@1.0.0-beta.55':
    optional: true

  '@rolldown/binding-linux-arm64-musl@1.0.0-beta.55':
    optional: true

  '@rolldown/binding-linux-x64-gnu@1.0.0-beta.55':
    optional: true

  '@rolldown/binding-linux-x64-musl@1.0.0-beta.55':
    optional: true

  '@rolldown/binding-openharmony-arm64@1.0.0-beta.55':
    optional: true

  '@rolldown/binding-wasm32-wasi@1.0.0-beta.55':
    dependencies:
      '@napi-rs/wasm-runtime': 1.1.0
    optional: true

  '@rolldown/binding-win32-arm64-msvc@1.0.0-beta.55':
    optional: true

  '@rolldown/binding-win32-x64-msvc@1.0.0-beta.55':
    optional: true

  '@rolldown/pluginutils@1.0.0-beta.55': {}

  '@tybys/wasm-util@0.10.1':
    dependencies:
      tslib: 2.8.1
    optional: true

  '@types/js-yaml@4.0.9': {}

  '@types/node@25.0.3':
    dependencies:
      undici-types: 7.16.0

  argparse@2.0.1: {}

  destr@2.0.5: {}

  js-yaml@4.1.1:
    dependencies:
      argparse: 2.0.1

  node-fetch-native@1.6.7: {}

  ofetch@1.5.1:
    dependencies:
      destr: 2.0.5
      node-fetch-native: 1.6.7
      ufo: 1.6.1

  oxfmt@0.15.0:
    optionalDependencies:
      '@oxfmt/darwin-arm64': 0.15.0
      '@oxfmt/darwin-x64': 0.15.0
      '@oxfmt/linux-arm64-gnu': 0.15.0
      '@oxfmt/linux-arm64-musl': 0.15.0
      '@oxfmt/linux-x64-gnu': 0.15.0
      '@oxfmt/linux-x64-musl': 0.15.0
      '@oxfmt/win32-arm64': 0.15.0
      '@oxfmt/win32-x64': 0.15.0

  oxlint@1.30.0:
    optionalDependencies:
      '@oxlint/darwin-arm64': 1.30.0
      '@oxlint/darwin-x64': 1.30.0
      '@oxlint/linux-arm64-gnu': 1.30.0
      '@oxlint/linux-arm64-musl': 1.30.0
      '@oxlint/linux-x64-gnu': 1.30.0
      '@oxlint/linux-x64-musl': 1.30.0
      '@oxlint/win32-arm64': 1.30.0
      '@oxlint/win32-x64': 1.30.0

  rolldown@1.0.0-beta.55:
    dependencies:
      '@oxc-project/types': 0.103.0
      '@rolldown/pluginutils': 1.0.0-beta.55
    optionalDependencies:
      '@rolldown/binding-android-arm64': 1.0.0-beta.55
      '@rolldown/binding-darwin-arm64': 1.0.0-beta.55
      '@rolldown/binding-darwin-x64': 1.0.0-beta.55
      '@rolldown/binding-freebsd-x64': 1.0.0-beta.55
      '@rolldown/binding-linux-arm-gnueabihf': 1.0.0-beta.55
      '@rolldown/binding-linux-arm64-gnu': 1.0.0-beta.55
      '@rolldown/binding-linux-arm64-musl': 1.0.0-beta.55
      '@rolldown/binding-linux-x64-gnu': 1.0.0-beta.55
      '@rolldown/binding-linux-x64-musl': 1.0.0-beta.55
      '@rolldown/binding-openharmony-arm64': 1.0.0-beta.55
      '@rolldown/binding-wasm32-wasi': 1.0.0-beta.55
      '@rolldown/binding-win32-arm64-msvc': 1.0.0-beta.55
      '@rolldown/binding-win32-x64-msvc': 1.0.0-beta.55

  tslib@2.8.1:
    optional: true

  ufo@1.6.1: {}

  undici-types@7.16.0: {}
